// !$*UTF8*$!
{
	archiveVersion = 1;
	classes = {
	};
	objectVersion = 46;
	objects = {

/* Begin PBXBuildFile section */
		014BAD471E8B4AC200C86309 /* AppDelegate.swift in Sources */ = {isa = PBXBuildFile; fileRef = 014BAD461E8B4AC200C86309 /* AppDelegate.swift */; };
		014BAD491E8B4AC200C86309 /* MainVC.swift in Sources */ = {isa = PBXBuildFile; fileRef = 014BAD481E8B4AC200C86309 /* MainVC.swift */; };
		014BAD4C1E8B4AC200C86309 /* Main.storyboard in Resources */ = {isa = PBXBuildFile; fileRef = 014BAD4A1E8B4AC200C86309 /* Main.storyboard */; };
		014BAD4F1E8B4AC200C86309 /* DreamLister.xcdatamodeld in Sources */ = {isa = PBXBuildFile; fileRef = 014BAD4D1E8B4AC200C86309 /* DreamLister.xcdatamodeld */; };
		014BAD511E8B4AC200C86309 /* Assets.xcassets in Resources */ = {isa = PBXBuildFile; fileRef = 014BAD501E8B4AC200C86309 /* Assets.xcassets */; };
		014BAD541E8B4AC200C86309 /* LaunchScreen.storyboard in Resources */ = {isa = PBXBuildFile; fileRef = 014BAD521E8B4AC200C86309 /* LaunchScreen.storyboard */; };
		014BAD6F1E8B70B000C86309 /* MaterialView.swift in Sources */ = {isa = PBXBuildFile; fileRef = 014BAD6E1E8B70B000C86309 /* MaterialView.swift */; };
		014BAD711E8B72C000C86309 /* ItemCell.swift in Sources */ = {isa = PBXBuildFile; fileRef = 014BAD701E8B72C000C86309 /* ItemCell.swift */; };
		018251121E8E0DDF007D63A4 /* ItemType+CoreDataClass.swift in Sources */ = {isa = PBXBuildFile; fileRef = 0182510A1E8E0DDF007D63A4 /* ItemType+CoreDataClass.swift */; };
		018251131E8E0DDF007D63A4 /* ItemType+CoreDataProperties.swift in Sources */ = {isa = PBXBuildFile; fileRef = 0182510B1E8E0DDF007D63A4 /* ItemType+CoreDataProperties.swift */; };
		018251141E8E0DDF007D63A4 /* Image+CoreDataClass.swift in Sources */ = {isa = PBXBuildFile; fileRef = 0182510C1E8E0DDF007D63A4 /* Image+CoreDataClass.swift */; };
		018251151E8E0DDF007D63A4 /* Image+CoreDataProperties.swift in Sources */ = {isa = PBXBuildFile; fileRef = 0182510D1E8E0DDF007D63A4 /* Image+CoreDataProperties.swift */; };
		018251161E8E0DDF007D63A4 /* Store+CoreDataClass.swift in Sources */ = {isa = PBXBuildFile; fileRef = 0182510E1E8E0DDF007D63A4 /* Store+CoreDataClass.swift */; };
		018251171E8E0DDF007D63A4 /* Store+CoreDataProperties.swift in Sources */ = {isa = PBXBuildFile; fileRef = 0182510F1E8E0DDF007D63A4 /* Store+CoreDataProperties.swift */; };
		018251181E8E0DDF007D63A4 /* Item+CoreDataClass.swift in Sources */ = {isa = PBXBuildFile; fileRef = 018251101E8E0DDF007D63A4 /* Item+CoreDataClass.swift */; };
		018251191E8E0DDF007D63A4 /* Item+CoreDataProperties.swift in Sources */ = {isa = PBXBuildFile; fileRef = 018251111E8E0DDF007D63A4 /* Item+CoreDataProperties.swift */; };
/* End PBXBuildFile section */

/* Begin PBXFileReference section */
		014BAD431E8B4AC200C86309 /* DreamLister.app */ = {isa = PBXFileReference; explicitFileType = wrapper.application; includeInIndex = 0; path = DreamLister.app; sourceTree = BUILT_PRODUCTS_DIR; };
		014BAD461E8B4AC200C86309 /* AppDelegate.swift */ = {isa = PBXFileReference; lastKnownFileType = sourcecode.swift; path = AppDelegate.swift; sourceTree = "<group>"; };
		014BAD481E8B4AC200C86309 /* MainVC.swift */ = {isa = PBXFileReference; lastKnownFileType = sourcecode.swift; path = MainVC.swift; sourceTree = "<group>"; };
		014BAD4B1E8B4AC200C86309 /* Base */ = {isa = PBXFileReference; lastKnownFileType = file.storyboard; name = Base; path = Base.lproj/Main.storyboard; sourceTree = "<group>"; };
		014BAD4E1E8B4AC200C86309 /* DreamLister.xcdatamodel */ = {isa = PBXFileReference; lastKnownFileType = wrapper.xcdatamodel; path = DreamLister.xcdatamodel; sourceTree = "<group>"; };
		014BAD501E8B4AC200C86309 /* Assets.xcassets */ = {isa = PBXFileReference; lastKnownFileType = folder.assetcatalog; path = Assets.xcassets; sourceTree = "<group>"; };
		014BAD531E8B4AC200C86309 /* Base */ = {isa = PBXFileReference; lastKnownFileType = file.storyboard; name = Base; path = Base.lproj/LaunchScreen.storyboard; sourceTree = "<group>"; };
		014BAD551E8B4AC200C86309 /* Info.plist */ = {isa = PBXFileReference; lastKnownFileType = text.plist.xml; path = Info.plist; sourceTree = "<group>"; };
		014BAD6E1E8B70B000C86309 /* MaterialView.swift */ = {isa = PBXFileReference; fileEncoding = 4; lastKnownFileType = sourcecode.swift; path = MaterialView.swift; sourceTree = "<group>"; };
		014BAD701E8B72C000C86309 /* ItemCell.swift */ = {isa = PBXFileReference; fileEncoding = 4; lastKnownFileType = sourcecode.swift; path = ItemCell.swift; sourceTree = "<group>"; };
		0182510A1E8E0DDF007D63A4 /* ItemType+CoreDataClass.swift */ = {isa = PBXFileReference; fileEncoding = 4; lastKnownFileType = sourcecode.swift; path = "ItemType+CoreDataClass.swift"; sourceTree = "<group>"; };
		0182510B1E8E0DDF007D63A4 /* ItemType+CoreDataProperties.swift */ = {isa = PBXFileReference; fileEncoding = 4; lastKnownFileType = sourcecode.swift; path = "ItemType+CoreDataProperties.swift"; sourceTree = "<group>"; };
		0182510C1E8E0DDF007D63A4 /* Image+CoreDataClass.swift */ = {isa = PBXFileReference; fileEncoding = 4; lastKnownFileType = sourcecode.swift; path = "Image+CoreDataClass.swift"; sourceTree = "<group>"; };
		0182510D1E8E0DDF007D63A4 /* Image+CoreDataProperties.swift */ = {isa = PBXFileReference; fileEncoding = 4; lastKnownFileType = sourcecode.swift; path = "Image+CoreDataProperties.swift"; sourceTree = "<group>"; };
		0182510E1E8E0DDF007D63A4 /* Store+CoreDataClass.swift */ = {isa = PBXFileReference; fileEncoding = 4; lastKnownFileType = sourcecode.swift; path = "Store+CoreDataClass.swift"; sourceTree = "<group>"; };
		0182510F1E8E0DDF007D63A4 /* Store+CoreDataProperties.swift */ = {isa = PBXFileReference; fileEncoding = 4; lastKnownFileType = sourcecode.swift; path = "Store+CoreDataProperties.swift"; sourceTree = "<group>"; };
		018251101E8E0DDF007D63A4 /* Item+CoreDataClass.swift */ = {isa = PBXFileReference; fileEncoding = 4; lastKnownFileType = sourcecode.swift; path = "Item+CoreDataClass.swift"; sourceTree = "<group>"; };
		018251111E8E0DDF007D63A4 /* Item+CoreDataProperties.swift */ = {isa = PBXFileReference; fileEncoding = 4; lastKnownFileType = sourcecode.swift; path = "Item+CoreDataProperties.swift"; sourceTree = "<group>"; };
/* End PBXFileReference section */

/* Begin PBXFrameworksBuildPhase section */
		014BAD401E8B4AC200C86309 /* Frameworks */ = {
			isa = PBXFrameworksBuildPhase;
			buildActionMask = 2147483647;
			files = (
			);
			runOnlyForDeploymentPostprocessing = 0;
		};
/* End PBXFrameworksBuildPhase section */

/* Begin PBXGroup section */
		014BAD3A1E8B4AC200C86309 = {
			isa = PBXGroup;
			children = (
				014BAD451E8B4AC200C86309 /* DreamLister */,
				014BAD441E8B4AC200C86309 /* Products */,
			);
			sourceTree = "<group>";
		};
		014BAD441E8B4AC200C86309 /* Products */ = {
			isa = PBXGroup;
			children = (
				014BAD431E8B4AC200C86309 /* DreamLister.app */,
			);
			name = Products;
			sourceTree = "<group>";
		};
		014BAD451E8B4AC200C86309 /* DreamLister */ = {
			isa = PBXGroup;
			children = (
				014BAD6B1E8B55AA00C86309 /* Model */,
				014BAD6D1E8B709300C86309 /* View */,
				014BAD461E8B4AC200C86309 /* AppDelegate.swift */,
				014BAD481E8B4AC200C86309 /* MainVC.swift */,
				014BAD4A1E8B4AC200C86309 /* Main.storyboard */,
				014BAD501E8B4AC200C86309 /* Assets.xcassets */,
				014BAD521E8B4AC200C86309 /* LaunchScreen.storyboard */,
				014BAD551E8B4AC200C86309 /* Info.plist */,
				014BAD4D1E8B4AC200C86309 /* DreamLister.xcdatamodeld */,
			);
			path = DreamLister;
			sourceTree = "<group>";
		};
		014BAD6B1E8B55AA00C86309 /* Model */ = {
			isa = PBXGroup;
			children = (
				0182510A1E8E0DDF007D63A4 /* ItemType+CoreDataClass.swift */,
				0182510C1E8E0DDF007D63A4 /* Image+CoreDataClass.swift */,
				0182510E1E8E0DDF007D63A4 /* Store+CoreDataClass.swift */,
				018251101E8E0DDF007D63A4 /* Item+CoreDataClass.swift */,
				014BAD6C1E8B55B500C86309 /* Generated */,
			);
			name = Model;
			sourceTree = "<group>";
		};
		014BAD6C1E8B55B500C86309 /* Generated */ = {
			isa = PBXGroup;
			children = (
				0182510D1E8E0DDF007D63A4 /* Image+CoreDataProperties.swift */,
				0182510F1E8E0DDF007D63A4 /* Store+CoreDataProperties.swift */,
				018251111E8E0DDF007D63A4 /* Item+CoreDataProperties.swift */,
				0182510B1E8E0DDF007D63A4 /* ItemType+CoreDataProperties.swift */,
			);
			name = Generated;
			sourceTree = "<group>";
		};
		014BAD6D1E8B709300C86309 /* View */ = {
			isa = PBXGroup;
			children = (
				014BAD6E1E8B70B000C86309 /* MaterialView.swift */,
				014BAD701E8B72C000C86309 /* ItemCell.swift */,
			);
			name = View;
			sourceTree = "<group>";
		};
/* End PBXGroup section */

/* Begin PBXNativeTarget section */
		014BAD421E8B4AC200C86309 /* DreamLister */ = {
			isa = PBXNativeTarget;
			buildConfigurationList = 014BAD581E8B4AC200C86309 /* Build configuration list for PBXNativeTarget "DreamLister" */;
			buildPhases = (
				014BAD3F1E8B4AC200C86309 /* Sources */,
				014BAD401E8B4AC200C86309 /* Frameworks */,
				014BAD411E8B4AC200C86309 /* Resources */,
			);
			buildRules = (
			);
			dependencies = (
			);
			name = DreamLister;
			productName = DreamLister;
			productReference = 014BAD431E8B4AC200C86309 /* DreamLister.app */;
			productType = "com.apple.product-type.application";
		};
/* End PBXNativeTarget section */

/* Begin PBXProject section */
		014BAD3B1E8B4AC200C86309 /* Project object */ = {
			isa = PBXProject;
			attributes = {
				LastSwiftUpdateCheck = 0820;
				LastUpgradeCheck = 0820;
				ORGANIZATIONNAME = "Nick Birch";
				TargetAttributes = {
					014BAD421E8B4AC200C86309 = {
						CreatedOnToolsVersion = 8.2.1;
						DevelopmentTeam = 2A8MCQ4GL6;
						ProvisioningStyle = Automatic;
					};
				};
			};
			buildConfigurationList = 014BAD3E1E8B4AC200C86309 /* Build configuration list for PBXProject "DreamLister" */;
			compatibilityVersion = "Xcode 3.2";
			developmentRegion = English;
			hasScannedForEncodings = 0;
			knownRegions = (
				en,
				Base,
			);
			mainGroup = 014BAD3A1E8B4AC200C86309;
			productRefGroup = 014BAD441E8B4AC200C86309 /* Products */;
			projectDirPath = "";
			projectRoot = "";
			targets = (
				014BAD421E8B4AC200C86309 /* DreamLister */,
			);
		};
/* End PBXProject section */

/* Begin PBXResourcesBuildPhase section */
		014BAD411E8B4AC200C86309 /* Resources */ = {
			isa = PBXResourcesBuildPhase;
			buildActionMask = 2147483647;
			files = (
				014BAD541E8B4AC200C86309 /* LaunchScreen.storyboard in Resources */,
				014BAD511E8B4AC200C86309 /* Assets.xcassets in Resources */,
				014BAD4C1E8B4AC200C86309 /* Main.storyboard in Resources */,
			);
			runOnlyForDeploymentPostprocessing = 0;
		};
/* End PBXResourcesBuildPhase section */

/* Begin PBXSourcesBuildPhase section */
		014BAD3F1E8B4AC200C86309 /* Sources */ = {
			isa = PBXSourcesBuildPhase;
			buildActionMask = 2147483647;
			files = (
				018251151E8E0DDF007D63A4 /* Image+CoreDataProperties.swift in Sources */,
				018251121E8E0DDF007D63A4 /* ItemType+CoreDataClass.swift in Sources */,
				014BAD711E8B72C000C86309 /* ItemCell.swift in Sources */,
				014BAD491E8B4AC200C86309 /* MainVC.swift in Sources */,
				018251171E8E0DDF007D63A4 /* Store+CoreDataProperties.swift in Sources */,
				018251191E8E0DDF007D63A4 /* Item+CoreDataProperties.swift in Sources */,
				018251141E8E0DDF007D63A4 /* Image+CoreDataClass.swift in Sources */,
				018251181E8E0DDF007D63A4 /* Item+CoreDataClass.swift in Sources */,
				014BAD6F1E8B70B000C86309 /* MaterialView.swift in Sources */,
				014BAD471E8B4AC200C86309 /* AppDelegate.swift in Sources */,
				018251161E8E0DDF007D63A4 /* Store+CoreDataClass.swift in Sources */,
				018251131E8E0DDF007D63A4 /* ItemType+CoreDataProperties.swift in Sources */,
				014BAD4F1E8B4AC200C86309 /* DreamLister.xcdatamodeld in Sources */,
			);
			runOnlyForDeploymentPostprocessing = 0;
		};
/* End PBXSourcesBuildPhase section */

/* Begin PBXVariantGroup section */
		014BAD4A1E8B4AC200C86309 /* Main.storyboard */ = {
			isa = PBXVariantGroup;
			children = (
				014BAD4B1E8B4AC200C86309 /* Base */,
			);
			name = Main.storyboard;
			sourceTree = "<group>";
		};
		014BAD521E8B4AC200C86309 /* LaunchScreen.storyboard */ = {
			isa = PBXVariantGroup;
			children = (
				014BAD531E8B4AC200C86309 /* Base */,
			);
			name = LaunchScreen.storyboard;
			sourceTree = "<group>";
		};
/* End PBXVariantGroup section */

/* Begin XCBuildConfiguration section */
		014BAD561E8B4AC200C86309 /* Debug */ = {
			isa = XCBuildConfiguration;
			buildSettings = {
				ALWAYS_SEARCH_USER_PATHS = NO;
				CLANG_ANALYZER_NONNULL = YES;
				CLANG_CXX_LANGUAGE_STANDARD = "gnu++0x";
				CLANG_CXX_LIBRARY = "libc++";
				CLANG_ENABLE_MODULES = YES;
				CLANG_ENABLE_OBJC_ARC = YES;
				CLANG_WARN_BOOL_CONVERSION = YES;
				CLANG_WARN_CONSTANT_CONVERSION = YES;
				CLANG_WARN_DIRECT_OBJC_ISA_USAGE = YES_ERROR;
				CLANG_WARN_DOCUMENTATION_COMMENTS = YES;
				CLANG_WARN_EMPTY_BODY = YES;
				CLANG_WARN_ENUM_CONVERSION = YES;
				CLANG_WARN_INFINITE_RECURSION = YES;
				CLANG_WARN_INT_CONVERSION = YES;
				CLANG_WARN_OBJC_ROOT_CLASS = YES_ERROR;
				CLANG_WARN_SUSPICIOUS_MOVE = YES;
				CLANG_WARN_UNREACHABLE_CODE = YES;
				CLANG_WARN__DUPLICATE_METHOD_MATCH = YES;
				"CODE_SIGN_IDENTITY[sdk=iphoneos*]" = "iPhone Developer";
				COPY_PHASE_STRIP = NO;
				DEBUG_INFORMATION_FORMAT = dwarf;
				ENABLE_STRICT_OBJC_MSGSEND = YES;
				ENABLE_TESTABILITY = YES;
				GCC_C_LANGUAGE_STANDARD = gnu99;
				GCC_DYNAMIC_NO_PIC = NO;
				GCC_NO_COMMON_BLOCKS = YES;
				GCC_OPTIMIZATION_LEVEL = 0;
				GCC_PREPROCESSOR_DEFINITIONS = (
					"DEBUG=1",
					"$(inherited)",
				);
				GCC_WARN_64_TO_32_BIT_CONVERSION = YES;
				GCC_WARN_ABOUT_RETURN_TYPE = YES_ERROR;
				GCC_WARN_UNDECLARED_SELECTOR = YES;
				GCC_WARN_UNINITIALIZED_AUTOS = YES_AGGRESSIVE;
				GCC_WARN_UNUSED_FUNCTION = YES;
				GCC_WARN_UNUSED_VARIABLE = YES;
				IPHONEOS_DEPLOYMENT_TARGET = 10.2;
				MTL_ENABLE_DEBUG_INFO = YES;
				ONLY_ACTIVE_ARCH = YES;
				SDKROOT = iphoneos;
				SWIFT_ACTIVE_COMPILATION_CONDITIONS = DEBUG;
				SWIFT_OPTIMIZATION_LEVEL = "-Onone";
				TARGETED_DEVICE_FAMILY = "1,2";
			};
			name = Debug;
		};
		014BAD571E8B4AC200C86309 /* Release */ = {
			isa = XCBuildConfiguration;
			buildSettings = {
				ALWAYS_SEARCH_USER_PATHS = NO;
				CLANG_ANALYZER_NONNULL = YES;
				CLANG_CXX_LANGUAGE_STANDARD = "gnu++0x";
				CLANG_CXX_LIBRARY = "libc++";
				CLANG_ENABLE_MODULES = YES;
				CLANG_ENABLE_OBJC_ARC = YES;
				CLANG_WARN_BOOL_CONVERSION = YES;
				CLANG_WARN_CONSTANT_CONVERSION = YES;
				CLANG_WARN_DIRECT_OBJC_ISA_USAGE = YES_ERROR;
				CLANG_WARN_DOCUMENTATION_COMMENTS = YES;
				CLANG_WARN_EMPTY_BODY = YES;
				CLANG_WARN_ENUM_CONVERSION = YES;
				CLANG_WARN_INFINITE_RECURSION = YES;
				CLANG_WARN_INT_CONVERSION = YES;
				CLANG_WARN_OBJC_ROOT_CLASS = YES_ERROR;
				CLANG_WARN_SUSPICIOUS_MOVE = YES;
				CLANG_WARN_UNREACHABLE_CODE = YES;
				CLANG_WARN__DUPLICATE_METHOD_MATCH = YES;
				"CODE_SIGN_IDENTITY[sdk=iphoneos*]" = "iPhone Developer";
				COPY_PHASE_STRIP = NO;
				DEBUG_INFORMATION_FORMAT = "dwarf-with-dsym";
				ENABLE_NS_ASSERTIONS = NO;
				ENABLE_STRICT_OBJC_MSGSEND = YES;
				GCC_C_LANGUAGE_STANDARD = gnu99;
				GCC_NO_COMMON_BLOCKS = YES;
				GCC_WARN_64_TO_32_BIT_CONVERSION = YES;
				GCC_WARN_ABOUT_RETURN_TYPE = YES_ERROR;
				GCC_WARN_UNDECLARED_SELECTOR = YES;
				GCC_WARN_UNINITIALIZED_AUTOS = YES_AGGRESSIVE;
				GCC_WARN_UNUSED_FUNCTION = YES;
				GCC_WARN_UNUSED_VARIABLE = YES;
				IPHONEOS_DEPLOYMENT_TARGET = 10.2;
				MTL_ENABLE_DEBUG_INFO = NO;
				SDKROOT = iphoneos;
				SWIFT_OPTIMIZATION_LEVEL = "-Owholemodule";
				TARGETED_DEVICE_FAMILY = "1,2";
				VALIDATE_PRODUCT = YES;
			};
			name = Release;
		};
		014BAD591E8B4AC200C86309 /* Debug */ = {
			isa = XCBuildConfiguration;
			buildSettings = {
				ASSETCATALOG_COMPILER_APPICON_NAME = AppIcon;
				DEVELOPMENT_TEAM = 2A8MCQ4GL6;
				INFOPLIST_FILE = DreamLister/Info.plist;
				LD_RUNPATH_SEARCH_PATHS = "$(inherited) @executable_path/Frameworks";
				PRODUCT_BUNDLE_IDENTIFIER = com.iotatel.DreamLister;
				PRODUCT_NAME = "$(TARGET_NAME)";
				SWIFT_VERSION = 3.0;
			};
			name = Debug;
		};
		014BAD5A1E8B4AC200C86309 /* Release */ = {
			isa = XCBuildConfiguration;
			buildSettings = {
				ASSETCATALOG_COMPILER_APPICON_NAME = AppIcon;
				DEVELOPMENT_TEAM = 2A8MCQ4GL6;
				INFOPLIST_FILE = DreamLister/Info.plist;
				LD_RUNPATH_SEARCH_PATHS = "$(inherited) @executable_path/Frameworks";
				PRODUCT_BUNDLE_IDENTIFIER = com.iotatel.DreamLister;
				PRODUCT_NAME = "$(TARGET_NAME)";
				SWIFT_VERSION = 3.0;
			};
			name = Release;
		};
/* End XCBuildConfiguration section */

/* Begin XCConfigurationList section */
		014BAD3E1E8B4AC200C86309 /* Build configuration list for PBXProject "DreamLister" */ = {
			isa = XCConfigurationList;
			buildConfigurations = (
				014BAD561E8B4AC200C86309 /* Debug */,
				014BAD571E8B4AC200C86309 /* Release */,
			);
			defaultConfigurationIsVisible = 0;
			defaultConfigurationName = Release;
		};
		014BAD581E8B4AC200C86309 /* Build configuration list for PBXNativeTarget "DreamLister" */ = {
			isa = XCConfigurationList;
			buildConfigurations = (
				014BAD591E8B4AC200C86309 /* Debug */,
				014BAD5A1E8B4AC200C86309 /* Release */,
			);
			defaultConfigurationIsVisible = 0;
			defaultConfigurationName = Release;
		};
/* End XCConfigurationList section */

/* Begin XCVersionGroup section */
		014BAD4D1E8B4AC200C86309 /* DreamLister.xcdatamodeld */ = {
			isa = XCVersionGroup;
			children = (
				014BAD4E1E8B4AC200C86309 /* DreamLister.xcdatamodel */,
			);
			currentVersion = 014BAD4E1E8B4AC200C86309 /* DreamLister.xcdatamodel */;
			path = DreamLister.xcdatamodeld;
			sourceTree = "<group>";
			versionGroupType = wrapper.xcdatamodel;
		};
/* End XCVersionGroup section */
	};
	rootObject = 014BAD3B1E8B4AC200C86309 /* Project object */;
}
